
Microsoft Visual Studio Solution File, Format Version 12.00
# Visual Studio Version 17
VisualStudioVersion = 17.8.34330.188
MinimumVisualStudioVersion = 10.0.40219.1
Project("{FAE04EC0-301F-11D3-BF4B-00C04F79EFBC}") = "HOSPITAL.API", "HOSPITAL.API\HOSPITAL.API.csproj", "{B0412A3B-8DF9-4DC3-9891-B3DDA139A4F7}"
EndProject
Project("{FAE04EC0-301F-11D3-BF4B-00C04F79EFBC}") = "HOSPITAL.DOMAIN", "HOSPITAL.DOMAIN\HOSPITAL.DOMAIN.csproj", "{AE6281DB-68F1-4AF1-B463-23A63096AEB4}"
EndProject
Global
	GlobalSection(SolutionConfigurationPlatforms) = preSolution
		Debug|Any CPU = Debug|Any CPU
		Release|Any CPU = Release|Any CPU
	EndGlobalSection
	GlobalSection(ProjectConfigurationPlatforms) = postSolution
		{B0412A3B-8DF9-4DC3-9891-B3DDA139A4F7}.Debug|Any CPU.ActiveCfg = Debug|Any CPU
		{B0412A3B-8DF9-4DC3-9891-B3DDA139A4F7}.Debug|Any CPU.Build.0 = Debug|Any CPU
		{B0412A3B-8DF9-4DC3-9891-B3DDA139A4F7}.Release|Any CPU.ActiveCfg = Release|Any CPU
		{B0412A3B-8DF9-4DC3-9891-B3DDA139A4F7}.Release|Any CPU.Build.0 = Release|Any CPU
		{AE6281DB-68F1-4AF1-B463-23A63096AEB4}.Debug|Any CPU.ActiveCfg = Debug|Any CPU
		{AE6281DB-68F1-4AF1-B463-23A63096AEB4}.Debug|Any CPU.Build.0 = Debug|Any CPU
		{AE6281DB-68F1-4AF1-B463-23A63096AEB4}.Release|Any CPU.ActiveCfg = Release|Any CPU
		{AE6281DB-68F1-4AF1-B463-23A63096AEB4}.Release|Any CPU.Build.0 = Release|Any CPU
	EndGlobalSection
	GlobalSection(SolutionProperties) = preSolution
		HideSolutionNode = FALSE
	EndGlobalSection
	GlobalSection(ExtensibilityGlobals) = postSolution
		SolutionGuid = {1DE93DAC-2254-4BE7-8D75-9ECC8528F5F7}
	EndGlobalSection
EndGlobal
